
Microsoft Visual Studio Solution File, Format Version 12.00
# Visual Studio Version 17
VisualStudioVersion = 17.8.34511.84
MinimumVisualStudioVersion = 10.0.40219.1
Project("{9A19103F-16F7-4668-BE54-9A1E7A4F7556}") = "SYLM.Temperatura", "SYLM.Temperatura\SYLM.Temperatura.csproj", "{F9B00682-7CCE-4492-A55D-5C246C0FB13D}"
EndProject
Project("{FAE04EC0-301F-11D3-BF4B-00C04F79EFBC}") = "SYLM.Temperatura.UnitTest.AppMSTest", "SYLM.Temperatura.UnitTest.AppMSTest\SYLM.Temperatura.UnitTest.AppMSTest.csproj", "{24B5844B-6BEA-4B99-A1CA-DC9D343EA8ED}"
EndProject
Project("{FAE04EC0-301F-11D3-BF4B-00C04F79EFBC}") = "SYLMTemperatura.UnitTestMSTes", "SYLMTemperatura.UnitTestMSTes\SYLMTemperatura.UnitTestMSTes.csproj", "{83F0968C-E599-4EBE-B042-599A042F6D4F}"
EndProject
Global
	GlobalSection(SolutionConfigurationPlatforms) = preSolution
		Debug|Any CPU = Debug|Any CPU
		Release|Any CPU = Release|Any CPU
	EndGlobalSection
	GlobalSection(ProjectConfigurationPlatforms) = postSolution
		{F9B00682-7CCE-4492-A55D-5C246C0FB13D}.Debug|Any CPU.ActiveCfg = Debug|Any CPU
		{F9B00682-7CCE-4492-A55D-5C246C0FB13D}.Debug|Any CPU.Build.0 = Debug|Any CPU
		{F9B00682-7CCE-4492-A55D-5C246C0FB13D}.Release|Any CPU.ActiveCfg = Release|Any CPU
		{F9B00682-7CCE-4492-A55D-5C246C0FB13D}.Release|Any CPU.Build.0 = Release|Any CPU
		{24B5844B-6BEA-4B99-A1CA-DC9D343EA8ED}.Debug|Any CPU.ActiveCfg = Debug|Any CPU
		{24B5844B-6BEA-4B99-A1CA-DC9D343EA8ED}.Debug|Any CPU.Build.0 = Debug|Any CPU
		{24B5844B-6BEA-4B99-A1CA-DC9D343EA8ED}.Release|Any CPU.ActiveCfg = Release|Any CPU
		{24B5844B-6BEA-4B99-A1CA-DC9D343EA8ED}.Release|Any CPU.Build.0 = Release|Any CPU
		{83F0968C-E599-4EBE-B042-599A042F6D4F}.Debug|Any CPU.ActiveCfg = Debug|Any CPU
		{83F0968C-E599-4EBE-B042-599A042F6D4F}.Debug|Any CPU.Build.0 = Debug|Any CPU
		{83F0968C-E599-4EBE-B042-599A042F6D4F}.Release|Any CPU.ActiveCfg = Release|Any CPU
		{83F0968C-E599-4EBE-B042-599A042F6D4F}.Release|Any CPU.Build.0 = Release|Any CPU
	EndGlobalSection
	GlobalSection(SolutionProperties) = preSolution
		HideSolutionNode = FALSE
	EndGlobalSection
	GlobalSection(ExtensibilityGlobals) = postSolution
		SolutionGuid = {F290A15A-4ED7-44EC-966F-63C5F2575E48}
	EndGlobalSection
EndGlobal
